
Microsoft Visual Studio Solution File, Format Version 12.00
# Visual Studio 15
VisualStudioVersion = 15.0.27428.2015
MinimumVisualStudioVersion = 10.0.40219.1
Project("{9A19103F-16F7-4668-BE54-9A1E7A4F7556}") = "WebMarkupMin.Brotli", "WebMarkupMin.Brotli\WebMarkupMin.Brotli.csproj", "{9FE293EC-4B71-48C8-9409-4772EB22210C}"
EndProject
Global
	GlobalSection(SolutionConfigurationPlatforms) = preSolution
		Debug|Any CPU = Debug|Any CPU
		Release|Any CPU = Release|Any CPU
	EndGlobalSection
	GlobalSection(ProjectConfigurationPlatforms) = postSolution
		{9FE293EC-4B71-48C8-9409-4772EB22210C}.Debug|Any CPU.ActiveCfg = Debug|Any CPU
		{9FE293EC-4B71-48C8-9409-4772EB22210C}.Debug|Any CPU.Build.0 = Debug|Any CPU
		{9FE293EC-4B71-48C8-9409-4772EB22210C}.Release|Any CPU.ActiveCfg = Release|Any CPU
		{9FE293EC-4B71-48C8-9409-4772EB22210C}.Release|Any CPU.Build.0 = Release|Any CPU
	EndGlobalSection
	GlobalSection(SolutionProperties) = preSolution
		HideSolutionNode = FALSE
	EndGlobalSection
	GlobalSection(ExtensibilityGlobals) = postSolution
		SolutionGuid = {6703ACB1-6E71-4104-963D-5A27CA46CE07}
	EndGlobalSection
EndGlobal
